
Microsoft Visual Studio Solution File, Format Version 12.00
# Visual Studio Version 17
VisualStudioVersion = 17.1.32210.238
MinimumVisualStudioVersion = 10.0.40219.1
Project("{FAE04EC0-301F-11D3-BF4B-00C04F79EFBC}") = "Appetizing-Backend", "Appetizing-Backend\Appetizing-Backend.csproj", "{57E54B85-75D5-4A33-A9A7-204F68E4A161}"
EndProject
Global
	GlobalSection(SolutionConfigurationPlatforms) = preSolution
		Debug|Any CPU = Debug|Any CPU
		Release|Any CPU = Release|Any CPU
	EndGlobalSection
	GlobalSection(ProjectConfigurationPlatforms) = postSolution
		{57E54B85-75D5-4A33-A9A7-204F68E4A161}.Debug|Any CPU.ActiveCfg = Debug|Any CPU
		{57E54B85-75D5-4A33-A9A7-204F68E4A161}.Debug|Any CPU.Build.0 = Debug|Any CPU
		{57E54B85-75D5-4A33-A9A7-204F68E4A161}.Release|Any CPU.ActiveCfg = Release|Any CPU
		{57E54B85-75D5-4A33-A9A7-204F68E4A161}.Release|Any CPU.Build.0 = Release|Any CPU
	EndGlobalSection
	GlobalSection(SolutionProperties) = preSolution
		HideSolutionNode = FALSE
	EndGlobalSection
	GlobalSection(ExtensibilityGlobals) = postSolution
		SolutionGuid = {61320DDE-C91B-4D78-B616-A053AF1EA04C}
	EndGlobalSection
EndGlobal
